PODS:
  - JavaScriptCoreBrowserObjectModel (0.1.0)

DEPENDENCIES:
  - JavaScriptCoreBrowserObjectModel (from `..`)

EXTERNAL SOURCES:
  JavaScriptCoreBrowserObjectModel:
    :path: ..

SPEC CHECKSUMS:
  JavaScriptCoreBrowserObjectModel: f43221806659c31e18e54e8876332e33aa838d1d

PODFILE CHECKSUM: aeabeed04f794561e6fbf685c8949df8f61edd77

COCOAPODS: 1.4.0
