PODS:
  - JavaScriptCoreBrowserObjectModel (0.1.0)

DEPENDENCIES:
  - JavaScriptCoreBrowserObjectModel (from `..`)

EXTERNAL SOURCES:
  JavaScriptCoreBrowserObjectModel:
    :path: ..

SPEC CHECKSUMS:
  JavaScriptCoreBrowserObjectModel: 7807d27c87d3424328c632873943e3caacfd9212

PODFILE CHECKSUM: aeabeed04f794561e6fbf685c8949df8f61edd77

COCOAPODS: 1.3.1
